
Microsoft Visual Studio Solution File, Format Version 12.00
# Visual Studio Version 17
VisualStudioVersion = 17.11.35327.3
MinimumVisualStudioVersion = 10.0.40219.1
Project("{FAE04EC0-301F-11D3-BF4B-00C04F79EFBC}") = "FindAndReplaceWords", "src\FindAndReplaceWords.csproj", "{59DCAE4F-5BE7-4536-9847-9DB71C6D2547}"
EndProject
Global
	GlobalSection(SolutionConfigurationPlatforms) = preSolution
		Debug|Any CPU = Debug|Any CPU
		Release|Any CPU = Release|Any CPU
	EndGlobalSection
	GlobalSection(ProjectConfigurationPlatforms) = postSolution
		{59DCAE4F-5BE7-4536-9847-9DB71C6D2547}.Debug|Any CPU.ActiveCfg = Debug|Any CPU
		{59DCAE4F-5BE7-4536-9847-9DB71C6D2547}.Debug|Any CPU.Build.0 = Debug|Any CPU
		{59DCAE4F-5BE7-4536-9847-9DB71C6D2547}.Release|Any CPU.ActiveCfg = Release|Any CPU
		{59DCAE4F-5BE7-4536-9847-9DB71C6D2547}.Release|Any CPU.Build.0 = Release|Any CPU
	EndGlobalSection
	GlobalSection(SolutionProperties) = preSolution
		HideSolutionNode = FALSE
	EndGlobalSection
	GlobalSection(ExtensibilityGlobals) = postSolution
		SolutionGuid = {670ACE02-08BC-4444-877E-6C5D541DA8FB}
	EndGlobalSection
EndGlobal
